PODS:
  - FMDB (2.7.5):
    - FMDB/standard (= 2.7.5)
  - FMDB/standard (2.7.5)
  - OctoBass (0.1.0):
    - FMDB (~> 2.7.5)
    - Protobuf (>= 3.11.1)
  - Protobuf (3.11.1)

DEPENDENCIES:
  - OctoBass (from `../`)

SPEC REPOS:
  trunk:
    - FMDB
    - Protobuf

EXTERNAL SOURCES:
  OctoBass:
    :path: "../"

SPEC CHECKSUMS:
  FMDB: 2ce00b547f966261cd18927a3ddb07cb6f3db82a
  OctoBass: 1ed017d29586f61d1129d59165776ee63eba721d
  Protobuf: 20d79da7f20b5928b80043b05080b816e802659e

PODFILE CHECKSUM: ae2189c334bf0d93080b9f042bdd5dac20ec2adf

COCOAPODS: 1.9.1
