PODS:
  - OctoBass (0.1.0):
    - Protobuf
  - Protobuf (3.11.1)

DEPENDENCIES:
  - OctoBass (from `../`)

SPEC REPOS:
  trunk:
    - Protobuf

EXTERNAL SOURCES:
  OctoBass:
    :path: "../"

SPEC CHECKSUMS:
  OctoBass: e48b6c59c388daa1531cbb0e63eb3865086723dd
  Protobuf: 20d79da7f20b5928b80043b05080b816e802659e

PODFILE CHECKSUM: 801f40e568cd9a82a716c42bbfdaeeef2b05913c

COCOAPODS: 1.9.1
